{
  "nodes": {
    "easy-ps": {
      "flake": false,
      "locked": {
        "lastModified": 1617260174,
        "narHash": "sha256-iTgnNw3aZfpClhfPWHZ+5e19oe23KonPL9/j0iXba/Y=",
        "owner": "justinwoo",
        "repo": "easy-purescript-nix",
        "rev": "9b56211db78efc447abf26c39d6968e8b03924e0",
        "type": "github"
      },
      "original": {
        "owner": "justinwoo",
        "repo": "easy-purescript-nix",
        "type": "github"
      }
    },
    "flake-utils": {
      "locked": {
        "lastModified": 1605370193,
        "narHash": "sha256-YyMTf3URDL/otKdKgtoMChu4vfVL3vCMkRqpGifhUn0=",
        "owner": "numtide",
        "repo": "flake-utils",
        "rev": "5021eac20303a61fafe17224c087f5519baed54d",
        "type": "github"
      },
      "original": {
        "owner": "numtide",
        "repo": "flake-utils",
        "type": "github"
      }
    },
    "flake-utils_2": {
      "locked": {
        "lastModified": 1605370193,
        "narHash": "sha256-YyMTf3URDL/otKdKgtoMChu4vfVL3vCMkRqpGifhUn0=",
        "owner": "numtide",
        "repo": "flake-utils",
        "rev": "5021eac20303a61fafe17224c087f5519baed54d",
        "type": "github"
      },
      "original": {
        "owner": "numtide",
        "repo": "flake-utils",
        "type": "github"
      }
    },
    "nixpkgs": {
      "locked": {
        "lastModified": 1616670887,
        "narHash": "sha256-wn+l9qJfR5sj5Gq4DheJHAcBDfOs9K2p9seW2f35xzs=",
        "owner": "NixOS",
        "repo": "nixpkgs",
        "rev": "c0e881852006b132236cbf0301bd1939bb50867e",
        "type": "github"
      },
      "original": {
        "id": "nixpkgs",
        "type": "indirect"
      }
    },
    "nixpkgs_2": {
      "locked": {
        "lastModified": 1614288967,
        "narHash": "sha256-6Q2gH8lMzF6wMO9//2nE7v/9U2LXR2h/wDLuGpfQJ4M=",
        "owner": "NixOS",
        "repo": "nixpkgs",
        "rev": "04ac9dcd311956d1756d77f4baf9258392ee7bdd",
        "type": "github"
      },
      "original": {
        "id": "nixpkgs",
        "type": "indirect"
      }
    },
    "nixpkgs_3": {
      "locked": {
        "lastModified": 1608723372,
        "narHash": "sha256-XoCD827n1+bBPVxjKFmAikh7KSIspj9BBj2vnWhtTC4=",
        "owner": "NixOS",
        "repo": "nixpkgs",
        "rev": "b67ba0bfcc714453cdeb8d713e35751eb8b4c8f4",
        "type": "github"
      },
      "original": {
        "id": "nixpkgs",
        "type": "indirect"
      }
    },
    "nixpkgs_4": {
      "locked": {
        "lastModified": 1608723372,
        "narHash": "sha256-XoCD827n1+bBPVxjKFmAikh7KSIspj9BBj2vnWhtTC4=",
        "owner": "NixOS",
        "repo": "nixpkgs",
        "rev": "b67ba0bfcc714453cdeb8d713e35751eb8b4c8f4",
        "type": "github"
      },
      "original": {
        "id": "nixpkgs",
        "type": "indirect"
      }
    },
    "purs2nix": {
      "inputs": {
        "nixpkgs": "nixpkgs_2",
        "utils": "utils"
      },
      "locked": {
        "narHash": "sha256-T2jOT7O2I7cHDGtIVL3j7R/xPcL3tksj480H2zZYAek=",
        "path": "..",
        "type": "path"
      },
      "original": {
        "path": "..",
        "type": "path"
      }
    },
    "root": {
      "inputs": {
        "easy-ps": "easy-ps",
        "nixpkgs": "nixpkgs",
        "purs2nix": "purs2nix",
        "utils": "utils_2"
      }
    },
    "utils": {
      "inputs": {
        "flake-utils": "flake-utils",
        "nixpkgs": "nixpkgs_3"
      },
      "locked": {
        "lastModified": 1617660478,
        "narHash": "sha256-BRg4DDdOFDDdS/NXjKCwJFyN5AygeE4khJ+bPkMGZco=",
        "owner": "ursi",
        "repo": "flake-utils",
        "rev": "3f025b2f2dc13a702a6667341e9e6a5bb34333f9",
        "type": "github"
      },
      "original": {
        "owner": "ursi",
        "repo": "flake-utils",
        "type": "github"
      }
    },
    "utils_2": {
      "inputs": {
        "flake-utils": "flake-utils_2",
        "nixpkgs": "nixpkgs_4"
      },
      "locked": {
        "lastModified": 1614319620,
        "narHash": "sha256-9e15MKXRWKwnn/cGnJyVUwTYM3fw6+vHq/vQRLjMcXE=",
        "owner": "ursi",
        "repo": "flake-utils",
        "rev": "e4ef06ee72cf0ae5f9931b0360e97bed7b6fb501",
        "type": "github"
      },
      "original": {
        "id": "utils",
        "type": "indirect"
      }
    }
  },
  "root": "root",
  "version": 7
}
