{
  "nodes": {
    "get-flake": {
      "locked": {
        "lastModified": 1644686428,
        "narHash": "sha256-zkhYsURWFrvEZLkIoBeqFBzSu+cA2u5mo6M8vq9LN7M=",
        "owner": "ursi",
        "repo": "get-flake",
        "rev": "703f15558daa56dfae19d1858bb3046afe68831a",
        "type": "github"
      },
      "original": {
        "owner": "ursi",
        "repo": "get-flake",
        "type": "github"
      }
    },
    "npmlock2nix": {
      "flake": false,
      "locked": {
        "lastModified": 1654775747,
        "narHash": "sha256-9pXHDpIjmsK5390wmpGHu9aA4QOPpegPBvThHeBlef4=",
        "owner": "nix-community",
        "repo": "npmlock2nix",
        "rev": "5c4f247688fc91d665df65f71c81e0726621aaa8",
        "type": "github"
      },
      "original": {
        "owner": "nix-community",
        "repo": "npmlock2nix",
        "type": "github"
      }
    },
    "purs-nix-test-packages": {
      "flake": false,
      "locked": {
        "lastModified": 1668386728,
        "narHash": "sha256-no2TtQBsMS7CI7pTrdqq15K4WUghkbAiHdILTyy13vc=",
        "owner": "purs-nix",
        "repo": "test-packages",
        "rev": "fd4a6c6796412cabbc3a03bfa7e4eda92d5e196c",
        "type": "github"
      },
      "original": {
        "owner": "purs-nix",
        "ref": "new-api",
        "repo": "test-packages",
        "type": "github"
      }
    },
    "root": {
      "inputs": {
        "get-flake": "get-flake",
        "npmlock2nix": "npmlock2nix",
        "purs-nix-test-packages": "purs-nix-test-packages"
      }
    }
  },
  "root": "root",
  "version": 7
}
