{
  "nodes": {
    "flake-utils": {
      "locked": {
        "lastModified": 1605370193,
        "narHash": "sha256-YyMTf3URDL/otKdKgtoMChu4vfVL3vCMkRqpGifhUn0=",
        "owner": "numtide",
        "repo": "flake-utils",
        "rev": "5021eac20303a61fafe17224c087f5519baed54d",
        "type": "github"
      },
      "original": {
        "owner": "numtide",
        "repo": "flake-utils",
        "type": "github"
      }
    },
    "flake-utils_2": {
      "locked": {
        "lastModified": 1605370193,
        "narHash": "sha256-YyMTf3URDL/otKdKgtoMChu4vfVL3vCMkRqpGifhUn0=",
        "owner": "numtide",
        "repo": "flake-utils",
        "rev": "5021eac20303a61fafe17224c087f5519baed54d",
        "type": "github"
      },
      "original": {
        "owner": "numtide",
        "repo": "flake-utils",
        "type": "github"
      }
    },
    "nixpkgs": {
      "locked": {
        "lastModified": 1618306168,
        "narHash": "sha256-/IOtgzdEaiEqRVn6OhpekuYhRHfCm299Bqts5QqQVko=",
        "owner": "NixOS",
        "repo": "nixpkgs",
        "rev": "4c87cb87a2db6b9eb43541c1cf83f2a2f725fa25",
        "type": "github"
      },
      "original": {
        "owner": "NixOS",
        "ref": "nixpkgs-unstable",
        "repo": "nixpkgs",
        "type": "github"
      }
    },
    "nixpkgs_2": {
      "locked": {
        "lastModified": 1617784895,
        "narHash": "sha256-gJOCUkf2Y1T8lFFjgw1zsNM+f0yQ1YEq3p31P8YUHHY=",
        "owner": "NixOS",
        "repo": "nixpkgs",
        "rev": "de679c57ca579974f35fab5444c7892ceb16230a",
        "type": "github"
      },
      "original": {
        "id": "nixpkgs",
        "type": "indirect"
      }
    },
    "nixpkgs_3": {
      "locked": {
        "lastModified": 1617929752,
        "narHash": "sha256-ji0nqJUZp2bfHvO0sKxD24cW6Nk7LyjbPPMxjbJHji0=",
        "owner": "NixOS",
        "repo": "nixpkgs",
        "rev": "6fc2b7ecc2a167ce6a6902d5417daf1fa5cac777",
        "type": "github"
      },
      "original": {
        "owner": "NixOS",
        "ref": "nixpkgs-unstable",
        "repo": "nixpkgs",
        "type": "github"
      }
    },
    "nixpkgs_4": {
      "locked": {
        "lastModified": 1617929752,
        "narHash": "sha256-ji0nqJUZp2bfHvO0sKxD24cW6Nk7LyjbPPMxjbJHji0=",
        "owner": "NixOS",
        "repo": "nixpkgs",
        "rev": "6fc2b7ecc2a167ce6a6902d5417daf1fa5cac777",
        "type": "github"
      },
      "original": {
        "owner": "NixOS",
        "ref": "nixpkgs-unstable",
        "repo": "nixpkgs",
        "type": "github"
      }
    },
    "purs-nix": {
      "inputs": {
        "nixpkgs": "nixpkgs_2",
        "utils": "utils"
      },
      "locked": {
        "narHash": "sha256-BR12IZDkhxKOJtBxo7iconHfGsbq2NYTy9Q6F8e2m+Y=",
        "path": "..",
        "type": "path"
      },
      "original": {
        "path": "..",
        "type": "path"
      }
    },
    "root": {
      "inputs": {
        "nixpkgs": "nixpkgs",
        "purs-nix": "purs-nix",
        "utils": "utils_2"
      }
    },
    "utils": {
      "inputs": {
        "flake-utils": "flake-utils",
        "nixpkgs": "nixpkgs_3"
      },
      "locked": {
        "lastModified": 1618001018,
        "narHash": "sha256-aIxVN5TUoiIadZb+v5y50875MwaDtgSWZUopMmPVCcI=",
        "owner": "ursi",
        "repo": "flake-utils",
        "rev": "92c4bf3a962e8d895faf7a75119a39664fd921e9",
        "type": "github"
      },
      "original": {
        "owner": "ursi",
        "repo": "flake-utils",
        "type": "github"
      }
    },
    "utils_2": {
      "inputs": {
        "flake-utils": "flake-utils_2",
        "nixpkgs": "nixpkgs_4"
      },
      "locked": {
        "lastModified": 1618001018,
        "narHash": "sha256-aIxVN5TUoiIadZb+v5y50875MwaDtgSWZUopMmPVCcI=",
        "owner": "ursi",
        "repo": "flake-utils",
        "rev": "92c4bf3a962e8d895faf7a75119a39664fd921e9",
        "type": "github"
      },
      "original": {
        "owner": "ursi",
        "repo": "flake-utils",
        "type": "github"
      }
    }
  },
  "root": "root",
  "version": 7
}
