{
  "nodes": {
    "flake-utils": {
      "locked": {
        "lastModified": 1644229661,
        "narHash": "sha256-1YdnJAsNy69bpcjuoKdOYQX0YxZBiCYZo4Twxerqv7k=",
        "owner": "numtide",
        "repo": "flake-utils",
        "rev": "3cecb5b042f7f209c56ffd8371b2711a290ec797",
        "type": "github"
      },
      "original": {
        "owner": "numtide",
        "repo": "flake-utils",
        "type": "github"
      }
    },
    "get-flake": {
      "locked": {
        "lastModified": 1644686428,
        "narHash": "sha256-zkhYsURWFrvEZLkIoBeqFBzSu+cA2u5mo6M8vq9LN7M=",
        "owner": "ursi",
        "repo": "get-flake",
        "rev": "703f15558daa56dfae19d1858bb3046afe68831a",
        "type": "github"
      },
      "original": {
        "owner": "ursi",
        "repo": "get-flake",
        "type": "github"
      }
    },
    "lint-utils": {
      "inputs": {
        "flake-utils": "flake-utils",
        "nixpkgs": [
          "nixpkgs"
        ]
      },
      "locked": {
        "lastModified": 1707777931,
        "narHash": "sha256-PsPb5xMBZ9dPDP04o9vqKEUIEG80Z84/74fPuOMs0ZI=",
        "owner": "homotopic",
        "repo": "lint-utils",
        "rev": "5f11e3e51d8f1aa4ed62a89e90f05953931e105a",
        "type": "github"
      },
      "original": {
        "owner": "homotopic",
        "repo": "lint-utils",
        "type": "github"
      }
    },
    "nixpkgs": {
      "locked": {
        "lastModified": 1764642553,
        "narHash": "sha256-mvbFFzVBhVK1FjyPHZGMAKpNiqkr7k++xIwy+p/NQvA=",
        "owner": "NixOS",
        "repo": "nixpkgs",
        "rev": "f720de59066162ee879adcc8c79e15c51fe6bfb4",
        "type": "github"
      },
      "original": {
        "owner": "NixOS",
        "ref": "nixpkgs-unstable",
        "repo": "nixpkgs",
        "type": "github"
      }
    },
    "official-package-set": {
      "flake": false,
      "locked": {
        "lastModified": 1764661239,
        "narHash": "sha256-sqUlNPSILyodSY+HeOamDCvXJ3iuyQF/+yMrhPHFBUE=",
        "owner": "purescript",
        "repo": "package-sets",
        "rev": "13024bf2d1fd7d1392672d9530dc288d33d12ddf",
        "type": "github"
      },
      "original": {
        "owner": "purescript",
        "repo": "package-sets",
        "type": "github"
      }
    },
    "ps-tools": {
      "inputs": {
        "lint-utils": [
          "lint-utils"
        ],
        "nixpkgs": [
          "nixpkgs"
        ],
        "utils": [
          "utils"
        ]
      },
      "locked": {
        "lastModified": 1765692861,
        "narHash": "sha256-8UeEtzOtqK1yKJcYsy+ikr13ssXWKE5mmt+KvmL0TeQ=",
        "owner": "purs-nix",
        "repo": "purescript-tools",
        "rev": "9d5b05dc6abd02e65c47d702e6a5fb97fec3a290",
        "type": "github"
      },
      "original": {
        "owner": "purs-nix",
        "repo": "purescript-tools",
        "type": "github"
      }
    },
    "registry": {
      "flake": false,
      "locked": {
        "lastModified": 1764676690,
        "narHash": "sha256-DKfto/IJleHIunz6IMub0TIvVGEpPc9fcxpF5BvmcM8=",
        "owner": "purescript",
        "repo": "registry",
        "rev": "3a4a20a9008b547b8873912ade526027d3b19c2a",
        "type": "github"
      },
      "original": {
        "owner": "purescript",
        "repo": "registry",
        "type": "github"
      }
    },
    "root": {
      "inputs": {
        "get-flake": "get-flake",
        "lint-utils": "lint-utils",
        "nixpkgs": "nixpkgs",
        "official-package-set": "official-package-set",
        "ps-tools": "ps-tools",
        "registry": "registry",
        "utils": "utils"
      }
    },
    "systems": {
      "locked": {
        "lastModified": 1681028828,
        "narHash": "sha256-Vy1rq5AaRuLzOxct8nz4T6wlgyUR7zLU309k9mBC768=",
        "owner": "nix-systems",
        "repo": "default",
        "rev": "da67096a3b9bf56a91d16901293e51ba5b49a27e",
        "type": "github"
      },
      "original": {
        "owner": "nix-systems",
        "repo": "default",
        "type": "github"
      }
    },
    "utils": {
      "inputs": {
        "systems": "systems"
      },
      "locked": {
        "lastModified": 1731533236,
        "narHash": "sha256-l0KFg5HjrsfsO/JpG+r7fRrqm12kzFHyUHqHCVpMMbI=",
        "owner": "numtide",
        "repo": "flake-utils",
        "rev": "11707dc2f618dd54ca8739b309ec4fc024de578b",
        "type": "github"
      },
      "original": {
        "owner": "numtide",
        "repo": "flake-utils",
        "type": "github"
      }
    }
  },
  "root": "root",
  "version": 7
}
