{
  "nodes": {
    "builders": {
      "locked": {
        "lastModified": 1618448170,
        "narHash": "sha256-K8OOt1YYDjki+HRDnbbDtJVmoDZyOc/7NGN4gEKODm8=",
        "owner": "ursi",
        "repo": "nix-builders",
        "rev": "4861c376d6dca7a49687ace1e06f9b22e916443e",
        "type": "github"
      },
      "original": {
        "owner": "ursi",
        "repo": "nix-builders",
        "type": "github"
      }
    },
    "devshell": {
      "locked": {
        "lastModified": 1618435930,
        "narHash": "sha256-qyPVdXxNJnhckOtgGOCPOmRpuWVnirDNZ+RvH20wwXU=",
        "owner": "numtide",
        "repo": "devshell",
        "rev": "d0bb9b6c0fd12d51b3b10bd9a871dc3e7479f980",
        "type": "github"
      },
      "original": {
        "owner": "numtide",
        "repo": "devshell",
        "type": "github"
      }
    },
    "flake-utils": {
      "locked": {
        "lastModified": 1618217525,
        "narHash": "sha256-WGrhVczjXTiswQaoxQ+0PTfbLNeOQM6M36zvLn78AYg=",
        "owner": "numtide",
        "repo": "flake-utils",
        "rev": "c6169a2772643c4a93a0b5ac1c61e296cba68544",
        "type": "github"
      },
      "original": {
        "owner": "numtide",
        "repo": "flake-utils",
        "type": "github"
      }
    },
    "nixpkgs": {
      "locked": {
        "lastModified": 1617784895,
        "narHash": "sha256-gJOCUkf2Y1T8lFFjgw1zsNM+f0yQ1YEq3p31P8YUHHY=",
        "owner": "NixOS",
        "repo": "nixpkgs",
        "rev": "de679c57ca579974f35fab5444c7892ceb16230a",
        "type": "github"
      },
      "original": {
        "id": "nixpkgs",
        "type": "indirect"
      }
    },
    "root": {
      "inputs": {
        "builders": "builders",
        "nixpkgs": "nixpkgs",
        "utils": "utils"
      }
    },
    "utils": {
      "inputs": {
        "devshell": "devshell",
        "flake-utils": "flake-utils"
      },
      "locked": {
        "lastModified": 1618449011,
        "narHash": "sha256-Y0Vm8xIhGWS6KtO4qkP+xFlMDcLtX6K+xDsBWT1IecU=",
        "owner": "ursi",
        "repo": "flake-utils",
        "rev": "20be8f2553eb3e6fd13c899fd34226cbed6c5e2f",
        "type": "github"
      },
      "original": {
        "owner": "ursi",
        "repo": "flake-utils",
        "type": "github"
      }
    }
  },
  "root": "root",
  "version": 7
}
