{
  "nodes": {
    "flake-utils": {
      "locked": {
        "lastModified": 1618217525,
        "narHash": "sha256-WGrhVczjXTiswQaoxQ+0PTfbLNeOQM6M36zvLn78AYg=",
        "owner": "numtide",
        "repo": "flake-utils",
        "rev": "c6169a2772643c4a93a0b5ac1c61e296cba68544",
        "type": "github"
      },
      "original": {
        "owner": "numtide",
        "repo": "flake-utils",
        "type": "github"
      }
    },
    "get-flake": {
      "locked": {
        "lastModified": 1644686428,
        "narHash": "sha256-zkhYsURWFrvEZLkIoBeqFBzSu+cA2u5mo6M8vq9LN7M=",
        "owner": "ursi",
        "repo": "get-flake",
        "rev": "703f15558daa56dfae19d1858bb3046afe68831a",
        "type": "github"
      },
      "original": {
        "owner": "ursi",
        "repo": "get-flake",
        "type": "github"
      }
    },
    "make-shell": {
      "locked": {
        "lastModified": 1634940815,
        "narHash": "sha256-P69OmveboXzS+es1vQGS4bt+ckwbeIExqxfGLjGuJqA=",
        "owner": "ursi",
        "repo": "nix-make-shell",
        "rev": "8add91681170924e4d0591b22f294aee3f5516f9",
        "type": "github"
      },
      "original": {
        "owner": "ursi",
        "ref": "1",
        "repo": "nix-make-shell",
        "type": "github"
      }
    },
    "nixpkgs": {
      "locked": {
        "lastModified": 1643472818,
        "narHash": "sha256-qzVPxKDUubYIxKRSuDl/JgzXWSmGvUVYny9SxFMfPJM=",
        "owner": "NixOS",
        "repo": "nixpkgs",
        "rev": "7f65e4abd5ecaad12d2d26e4380d1a7d8edafea7",
        "type": "github"
      },
      "original": {
        "owner": "NixOS",
        "ref": "nixpkgs-unstable",
        "repo": "nixpkgs",
        "type": "github"
      }
    },
    "root": {
      "inputs": {
        "get-flake": "get-flake",
        "make-shell": "make-shell",
        "nixpkgs": "nixpkgs",
        "utils": "utils"
      }
    },
    "utils": {
      "inputs": {
        "flake-utils": "flake-utils"
      },
      "locked": {
        "lastModified": 1644029741,
        "narHash": "sha256-Kfip3zjNQ/40xJWH296MDEFKBBPnEPupjUvjdqhKNYg=",
        "owner": "ursi",
        "repo": "flake-utils",
        "rev": "6102802ae96c56af1d2d9fc297029f515f49e332",
        "type": "github"
      },
      "original": {
        "owner": "ursi",
        "ref": "8",
        "repo": "flake-utils",
        "type": "github"
      }
    }
  },
  "root": "root",
  "version": 7
}
